github.com/geertjanvdk/xkit v0.9.0-beta.6 h1:NZxXIXkJOZ6C09yBCsd9mMtvJXMhDqFds/kYgOwvXW8=
github.com/geertjanvdk/xkit v0.9.0-beta.6/go.mod h1:7/2iA96dsd/mZotWnXT6+628T1N7HHy9VpGvFFnmi9A=
github.com/golang/protobuf v1.5.0/go.mod h1:FsONVRAS9T7sI+LIUmWTfcYkHO4aIWwzhcaSAoJOfIk=
github.com/golistic/envs v0.0.0-20221027212757-e7e002494436 h1:lYRKDVNifaMiuRoSGk2qUbSNo882BrJWtQqm9wERvOI=
github.com/golistic/envs v0.0.0-20221027212757-e7e002494436/go.mod h1:pc00skzyB3ZApa8N4AoJHuWbnQGb1nid9H8BKKODLeY=
github.com/golistic/xgo v0.0.0-20230815061108-8399787156f9 h1:8c60TTirPIeK8PGYwEw6xSg+GlBS64AkTmE3M3hAq2c=
github.com/golistic/xgo v0.0.0-20230815061108-8399787156f9/go.mod h1:em3spZJ1b8mrGv1P5Fx2Ewclaf0rqIfSwrzYIVnL6o4=
github.com/google/go-cmp v0.5.5/go.mod h1:v8dTdLbMG2kIc/vJvl+f65V22dbkXbowE6jgT/gNBxE=
github.com/google/go-cmp v0.5.8 h1:e6P7q2lk1O+qJJb4BtCQXlK8vWEO8V1ZeuEdJNOqZyg=
golang.org/x/exp v0.0.0-20230811145659-89c5cff77bcb h1:mIKbk8weKhSeLH2GmUTrvx8CjkyJmnU1wFmg59CUjFA=
golang.org/x/exp v0.0.0-20230811145659-89c5cff77bcb/go.mod h1:FXUEEKJgO7OQYeo8N01OfiKP8RXMtf6e8aTskBGqWdc=
golang.org/x/xerrors v0.0.0-20191204190536-9bdfabe68543/go.mod h1:I/5z698sn9Ka8TeJc9MKroUUfqBBauWjQqLJ2OPfmY0=
google.golang.org/protobuf v1.26.0-rc.1/go.mod h1:jlhhOSvTdKEhbULTjvd4ARK9grFBp09yW+WbY/TyQbw=
google.golang.org/protobuf v1.31.0 h1:g0LDEJHgrBl9N9r17Ru3sqWhkIx2NB67okBHPwC7hs8=
google.golang.org/protobuf v1.31.0/go.mod h1:HV8QOd/L58Z+nl8r43ehVNZIU/HEI6OcFqwMG9pJV4I=
